langcode: en
status: true
dependencies:
  config:
    - views.view.secondary_footer
  module:
    - views
  theme:
    - crew
id: secondary_footer_block
theme: crew
region: footer
weight: -9
provider: null
plugin: 'views_block:secondary_footer-block_1'
settings:
  id: 'views_block:secondary_footer-block_1'
  label: ''
  provider: views
  label_display: '0'
  views_label: ''
  items_per_page: none
visibility: {  }
